
Microsoft Visual Studio Solution File, Format Version 12.00
# Visual Studio 2013
VisualStudioVersion = 12.0.31101.0
MinimumVisualStudioVersion = 10.0.40219.1
Project("{FAE04EC0-301F-11D3-BF4B-00C04F79EFBC}") = "apmservice", "apmservice\apmservice.csproj", "{010EA344-0597-46D4-A77F-D8A41CE65831}"
EndProject
Project("{FAE04EC0-301F-11D3-BF4B-00C04F79EFBC}") = "apmservice_registerprovider", "apmservice_registerprovider\apmservice_registerprovider.csproj", "{C622EB2A-C5CE-4D63-BFBD-65564421FCED}"
EndProject
Global
	GlobalSection(SolutionConfigurationPlatforms) = preSolution
		Debug|Any CPU = Debug|Any CPU
		Release|Any CPU = Release|Any CPU
	EndGlobalSection
	GlobalSection(ProjectConfigurationPlatforms) = postSolution
		{010EA344-0597-46D4-A77F-D8A41CE65831}.Debug|Any CPU.ActiveCfg = Debug|Any CPU
		{010EA344-0597-46D4-A77F-D8A41CE65831}.Debug|Any CPU.Build.0 = Debug|Any CPU
		{010EA344-0597-46D4-A77F-D8A41CE65831}.Release|Any CPU.ActiveCfg = Release|Any CPU
		{010EA344-0597-46D4-A77F-D8A41CE65831}.Release|Any CPU.Build.0 = Release|Any CPU
		{C622EB2A-C5CE-4D63-BFBD-65564421FCED}.Debug|Any CPU.ActiveCfg = Debug|Any CPU
		{C622EB2A-C5CE-4D63-BFBD-65564421FCED}.Debug|Any CPU.Build.0 = Debug|Any CPU
		{C622EB2A-C5CE-4D63-BFBD-65564421FCED}.Release|Any CPU.ActiveCfg = Release|Any CPU
		{C622EB2A-C5CE-4D63-BFBD-65564421FCED}.Release|Any CPU.Build.0 = Release|Any CPU
	EndGlobalSection
	GlobalSection(SolutionProperties) = preSolution
		HideSolutionNode = FALSE
	EndGlobalSection
EndGlobal
